<Solution>
  <Folder Name="/src/">
    <Project Path="src/Grindcrest.Live/Grindcrest.Live.csproj" />
    <Project Path="src/Grindcrest.Api/Grindcrest.Api.csproj" />
    <Project Path="src/BdoGrindTracker.App/BdoGrindTracker.App.csproj" />
    <Project Path="src/BdoGrindTracker.Core/BdoGrindTracker.Core.csproj" />
    <Project Path="src/BdoGrindTracker.Ocr/BdoGrindTracker.Ocr.csproj" />
  </Folder>
  <Folder Name="/tests/">
    <Project Path="tests/Grindcrest.Live.Tests/Grindcrest.Live.Tests.csproj" />
    <Project Path="tests/BdoGrindTracker.App.Tests/BdoGrindTracker.App.Tests.csproj" />
    <Project Path="tests/BdoGrindTracker.Core.Tests/BdoGrindTracker.Core.Tests.csproj" />
    <Project Path="tests/BdoGrindTracker.Ocr.Tests/BdoGrindTracker.Ocr.Tests.csproj" />
  </Folder>
</Solution>
